# THIS IS AN AUTOGENERATED FILE. DO NOT EDIT THIS FILE DIRECTLY.
# yarn lockfile v1


"@types/node@^16.11.10":
  version "16.11.10"
  resolved "https://registry.yarnpkg.com/@types/node/-/node-16.11.10.tgz#2e3ad0a680d96367103d3e670d41c2fed3da61ae"
  integrity sha512-3aRnHa1KlOEEhJ6+CvyHKK5vE9BcLGjtUpwvqYLRvYNQKMfabu3BwfJaA/SLW8dxe28LsNDjtHwePTuzn3gmOA==

"@types/prop-types@*":
  version "15.7.4"
  resolved "https://registry.yarnpkg.com/@types/prop-types/-/prop-types-15.7.4.tgz#fcf7205c25dff795ee79af1e30da2c9790808f11"
  integrity sha512-rZ5drC/jWjrArrS8BR6SIr4cWpW09RNTYt9AMZo3Jwwif+iacXAqgVjm0B0Bv/S1jhDXKHqRVNCbACkJ89RAnQ==

"@types/react@^17.0.37":
  version "17.0.37"
  resolved "https://registry.yarnpkg.com/@types/react/-/react-17.0.37.tgz#6884d0aa402605935c397ae689deed115caad959"
  integrity sha512-2FS1oTqBGcH/s0E+CjrCCR9+JMpsu9b69RTFO+40ua43ZqP5MmQ4iUde/dMjWR909KxZwmOQIFq6AV6NjEG5xg==
  dependencies:
    "@types/prop-types" "*"
    "@types/scheduler" "*"
    csstype "^3.0.2"

"@types/scheduler@*":
  version "0.16.2"
  resolved "https://registry.yarnpkg.com/@types/scheduler/-/scheduler-0.16.2.tgz#1a62f89525723dde24ba1b01b092bf5df8ad4d39"
  integrity sha512-hppQEBDmlwhFAXKJX2KnWLYu5yMfi91yazPb2l+lbJiwW+wdo1gNeRA+3RgNSO39WYX2euey41KEwnqesU2Jew==

"@vtex/tsconfig@^0.6.0":
  version "0.6.0"
  resolved "https://registry.yarnpkg.com/@vtex/tsconfig/-/tsconfig-0.6.0.tgz#c9dfffc95d2ef55195237411f9c15269ca30b2a5"
  integrity sha512-SVQBxaSdEVdpJFja1aVTIiZBgpQKePyYOUWGzcYq6LYkSWqSbz2LoC7TuLUsmfweYmVkv8+4eVuxcDpQVEpq1A==

"corebizio.store-theme@https://sander--corebizio.myvtex.com/_v/private/typings/linked/v1/corebizio.store-theme@4.4.3-2+build1638218547/public/@types/corebizio.store-theme":
  version "4.4.3-2"
  resolved "https://sander--corebizio.myvtex.com/_v/private/typings/linked/v1/corebizio.store-theme@4.4.3-2+build1638218547/public/@types/corebizio.store-theme#bd7a2df91d0a85c91205d5332c255e2162a6ec1e"

csstype@^3.0.2:
  version "3.0.10"
  resolved "https://registry.yarnpkg.com/csstype/-/csstype-3.0.10.tgz#2ad3a7bed70f35b965707c092e5f30b327c290e5"
  integrity sha512-2u44ZG2OcNUO9HDp/Jl8C07x6pU/eTR3ncV91SiK3dhG9TWvRVsCoJw14Ckx5DgWkzGA3waZWO3d7pgqpUI/XA==

"vtex.add-to-cart-button@http://vtex.vtexassets.com/_v/public/typings/v1/vtex.add-to-cart-button@0.26.13/public/@types/vtex.add-to-cart-button":
  version "0.26.13"
  resolved "http://vtex.vtexassets.com/_v/public/typings/v1/vtex.add-to-cart-button@0.26.13/public/@types/vtex.add-to-cart-button#d68159aab662f6c1a1aabfa35bf6085ac0d59a36"

"vtex.breadcrumb@http://vtex.vtexassets.com/_v/public/typings/v1/vtex.breadcrumb@1.9.4/public/@types/vtex.breadcrumb":
  version "1.9.4"
  resolved "http://vtex.vtexassets.com/_v/public/typings/v1/vtex.breadcrumb@1.9.4/public/@types/vtex.breadcrumb#624d6ddbd839bccd2b08e10f0f5f4a0509de834b"

"vtex.carousel@http://vtex.vtexassets.com/_v/public/typings/v1/vtex.carousel@2.12.1/public/@types/vtex.carousel":
  version "2.12.1"
  resolved "http://vtex.vtexassets.com/_v/public/typings/v1/vtex.carousel@2.12.1/public/@types/vtex.carousel#f99139a9d22227fa239192a058defd13f8cc50be"

"vtex.checkout-summary@http://vtex.vtexassets.com/_v/public/typings/v1/vtex.checkout-summary@0.19.1/public/@types/vtex.checkout-summary":
  version "0.19.1"
  resolved "http://vtex.vtexassets.com/_v/public/typings/v1/vtex.checkout-summary@0.19.1/public/@types/vtex.checkout-summary#08a2aeac594d4840a75577dff198c310f7daa944"

"vtex.condition-layout@http://vtex.vtexassets.com/_v/public/typings/v1/vtex.condition-layout@2.3.0/public/@types/vtex.condition-layout":
  version "2.3.0"
  resolved "http://vtex.vtexassets.com/_v/public/typings/v1/vtex.condition-layout@2.3.0/public/@types/vtex.condition-layout#257879f8db6c7e168cbbf488db5f948dcf249ca5"

"vtex.css-handles@http://vtex.vtexassets.com/_v/public/typings/v1/vtex.css-handles@1.0.0/public/@types/vtex.css-handles":
  version "1.0.0"
  resolved "http://vtex.vtexassets.com/_v/public/typings/v1/vtex.css-handles@1.0.0/public/@types/vtex.css-handles#336b23ef3a9bcb2b809529ba736783acd405d081"

"vtex.disclosure-layout@http://vtex.vtexassets.com/_v/public/typings/v1/vtex.disclosure-layout@1.0.3/public/@types/vtex.disclosure-layout":
  version "1.0.3"
  resolved "http://vtex.vtexassets.com/_v/public/typings/v1/vtex.disclosure-layout@1.0.3/public/@types/vtex.disclosure-layout#15590cd6a3f23e5a7591d76ad1a44b5c0c6a088a"

"vtex.flex-layout@http://vtex.vtexassets.com/_v/public/typings/v1/vtex.flex-layout@0.19.0/public/@types/vtex.flex-layout":
  version "0.19.0"
  resolved "http://vtex.vtexassets.com/_v/public/typings/v1/vtex.flex-layout@0.19.0/public/@types/vtex.flex-layout#042e0e1770bafdd157705abefffe0b2645a98f84"

"vtex.locale-switcher@http://vtex.vtexassets.com/_v/public/typings/v1/vtex.locale-switcher@0.5.6/public/@types/vtex.locale-switcher":
  version "0.5.6"
  resolved "http://vtex.vtexassets.com/_v/public/typings/v1/vtex.locale-switcher@0.5.6/public/@types/vtex.locale-switcher#5db8558af5593d65e4fff3da0903d0081dfcab42"

"vtex.login@http://vtex.vtexassets.com/_v/public/typings/v1/vtex.login@2.49.0/public/@types/vtex.login":
  version "2.49.0"
  resolved "http://vtex.vtexassets.com/_v/public/typings/v1/vtex.login@2.49.0/public/@types/vtex.login#c872edb18482a20c31212d87ea7b227db3e70fad"

"vtex.menu@http://vtex.vtexassets.com/_v/public/typings/v1/vtex.menu@2.34.1/public/@types/vtex.menu":
  version "2.34.1"
  resolved "http://vtex.vtexassets.com/_v/public/typings/v1/vtex.menu@2.34.1/public/@types/vtex.menu#7e3603a06a562415d3ae9be8aed0175e91c7b522"

"vtex.minicart@http://vtex.vtexassets.com/_v/public/typings/v1/vtex.minicart@2.62.1/public/@types/vtex.minicart":
  version "2.62.1"
  resolved "http://vtex.vtexassets.com/_v/public/typings/v1/vtex.minicart@2.62.1/public/@types/vtex.minicart#1fb49295974cda56f3058801b6bed020016a44fb"

"vtex.modal-layout@http://vtex.vtexassets.com/_v/public/typings/v1/vtex.modal-layout@0.12.0/public/@types/vtex.modal-layout":
  version "0.12.0"
  resolved "http://vtex.vtexassets.com/_v/public/typings/v1/vtex.modal-layout@0.12.0/public/@types/vtex.modal-layout#867e471ebb9faa2ae9c1a3562ae6b232f172fceb"

"vtex.my-account@http://vtex.vtexassets.com/_v/public/typings/v1/vtex.my-account@1.24.0/public/@types/vtex.my-account":
  version "1.24.0"
  resolved "http://vtex.vtexassets.com/_v/public/typings/v1/vtex.my-account@1.24.0/public/@types/vtex.my-account#f1dfdcedd359e5716d30f4765181bd52a90b37d8"

"vtex.order-placed@http://vtex.vtexassets.com/_v/public/typings/v1/vtex.order-placed@2.13.1/public/@types/vtex.order-placed":
  version "2.13.1"
  resolved "http://vtex.vtexassets.com/_v/public/typings/v1/vtex.order-placed@2.13.1/public/@types/vtex.order-placed#399211c23dad3432834b6070393989c53e7c7e26"

"vtex.product-bookmark-interfaces@http://vtex.vtexassets.com/_v/public/typings/v1/vtex.product-bookmark-interfaces@1.0.1/public/@types/vtex.product-bookmark-interfaces":
  version "1.0.1"
  resolved "http://vtex.vtexassets.com/_v/public/typings/v1/vtex.product-bookmark-interfaces@1.0.1/public/@types/vtex.product-bookmark-interfaces#2c26815e4afa45b2e254a23e5abb356424bb09e7"

"vtex.product-customizer@http://vtex.vtexassets.com/_v/public/typings/v1/vtex.product-customizer@2.11.2/public/@types/vtex.product-customizer":
  version "2.11.2"
  resolved "http://vtex.vtexassets.com/_v/public/typings/v1/vtex.product-customizer@2.11.2/public/@types/vtex.product-customizer#d3bb0f7c49be9bd2553fb38ce206a20a8869f5c6"

"vtex.product-details@http://vtex.vtexassets.com/_v/public/typings/v1/vtex.product-details@1.20.1/public/@types/vtex.product-details":
  version "1.20.1"
  resolved "http://vtex.vtexassets.com/_v/public/typings/v1/vtex.product-details@1.20.1/public/@types/vtex.product-details#ef250e8a345df835ab8d61eaddd7703594f7c41b"

"vtex.product-gifts@http://vtex.vtexassets.com/_v/public/typings/v1/vtex.product-gifts@0.3.1/public/@types/vtex.product-gifts":
  version "0.3.1"
  resolved "http://vtex.vtexassets.com/_v/public/typings/v1/vtex.product-gifts@0.3.1/public/@types/vtex.product-gifts#25f8a27d171292b1413993acba38e2b68f7550a5"

"vtex.product-highlights@http://vtex.vtexassets.com/_v/public/typings/v1/vtex.product-highlights@2.2.0/public/@types/vtex.product-highlights":
  version "2.2.0"
  resolved "http://vtex.vtexassets.com/_v/public/typings/v1/vtex.product-highlights@2.2.0/public/@types/vtex.product-highlights#dc2a5951aec59bc32fa115eacde142c8d5027d6d"

"vtex.product-identifier@http://vtex.vtexassets.com/_v/public/typings/v1/vtex.product-identifier@0.2.1/public/@types/vtex.product-identifier":
  version "0.2.1"
  resolved "http://vtex.vtexassets.com/_v/public/typings/v1/vtex.product-identifier@0.2.1/public/@types/vtex.product-identifier#c3f75720666db0e490e2d4ce6d96ae91f4043a6a"

"vtex.product-kit@http://vtex.vtexassets.com/_v/public/typings/v1/vtex.product-kit@1.10.2/public/_types/react":
  version "0.0.0"
  resolved "http://vtex.vtexassets.com/_v/public/typings/v1/vtex.product-kit@1.10.2/public/_types/react#fa7a0347e046eab3dd768998fc9252b2c0dd5aef"

"vtex.product-list@http://vtex.vtexassets.com/_v/public/typings/v1/vtex.product-list@0.33.1/public/@types/vtex.product-list":
  version "0.33.1"
  resolved "http://vtex.vtexassets.com/_v/public/typings/v1/vtex.product-list@0.33.1/public/@types/vtex.product-list#e06abab100dbd939c38804b978d97ec2c82fba89"

"vtex.product-price@http://vtex.vtexassets.com/_v/public/typings/v1/vtex.product-price@1.26.0/public/@types/vtex.product-price":
  version "1.26.0"
  resolved "http://vtex.vtexassets.com/_v/public/typings/v1/vtex.product-price@1.26.0/public/@types/vtex.product-price#967cfa6bdd1af5980695ea97cfd2d9cd54757f8c"

"vtex.product-quantity@http://vtex.vtexassets.com/_v/public/typings/v1/vtex.product-quantity@1.7.1/public/@types/vtex.product-quantity":
  version "1.7.1"
  resolved "http://vtex.vtexassets.com/_v/public/typings/v1/vtex.product-quantity@1.7.1/public/@types/vtex.product-quantity#8c80c2f59f77b50b226f3e82e71e5ee511dc2e0c"

"vtex.product-review-interfaces@http://vtex.vtexassets.com/_v/public/typings/v1/vtex.product-review-interfaces@1.0.2/public/_types/react":
  version "1.0.2"
  resolved "http://vtex.vtexassets.com/_v/public/typings/v1/vtex.product-review-interfaces@1.0.2/public/_types/react#84d1997cdae079d1401611f3d4a4619ed914673f"

"vtex.product-specification-badges@http://vtex.vtexassets.com/_v/public/typings/v1/vtex.product-specification-badges@0.3.0/public/@types/vtex.product-specification-badges":
  version "0.3.0"
  resolved "http://vtex.vtexassets.com/_v/public/typings/v1/vtex.product-specification-badges@0.3.0/public/@types/vtex.product-specification-badges#2df6b189acfabf642504df02d7b8ad406ee90c07"

"vtex.product-specifications@http://vtex.vtexassets.com/_v/public/typings/v1/vtex.product-specifications@1.1.1/public/@types/vtex.product-specifications":
  version "1.1.1"
  resolved "http://vtex.vtexassets.com/_v/public/typings/v1/vtex.product-specifications@1.1.1/public/@types/vtex.product-specifications#f680211515fcab9f5498804df9402369ef2dabb8"

"vtex.product-summary@http://vtex.vtexassets.com/_v/public/typings/v1/vtex.product-summary@2.77.1/public/@types/vtex.product-summary":
  version "2.77.1"
  resolved "http://vtex.vtexassets.com/_v/public/typings/v1/vtex.product-summary@2.77.1/public/@types/vtex.product-summary#b273b50132ae3e58198f148600bf0c45769fe933"

"vtex.render-runtime@http://vtex.vtexassets.com/_v/public/typings/v1/vtex.render-runtime@8.132.3/public/@types/vtex.render-runtime":
  version "8.132.3"
  resolved "http://vtex.vtexassets.com/_v/public/typings/v1/vtex.render-runtime@8.132.3/public/@types/vtex.render-runtime#c7dd142e384f38bd7a7c841543b73e9349fadc93"

"vtex.responsive-layout@http://vtex.vtexassets.com/_v/public/typings/v1/vtex.responsive-layout@0.1.2/public/@types/vtex.responsive-layout":
  version "0.1.2"
  resolved "http://vtex.vtexassets.com/_v/public/typings/v1/vtex.responsive-layout@0.1.2/public/@types/vtex.responsive-layout#e33f23a78afb3ffb8ff8aedc77b1ca6728583e72"

"vtex.reviews-and-ratings@http://vtex.vtexassets.com/_v/public/typings/v1/vtex.reviews-and-ratings@2.12.5/public/@types/vtex.reviews-and-ratings":
  version "2.12.5"
  resolved "http://vtex.vtexassets.com/_v/public/typings/v1/vtex.reviews-and-ratings@2.12.5/public/@types/vtex.reviews-and-ratings#33b9bd080bf521c08e5bc4f22cd67bc6a10de74b"

"vtex.rich-text@http://vtex.vtexassets.com/_v/public/typings/v1/vtex.rich-text@0.15.0/public/@types/vtex.rich-text":
  version "0.15.0"
  resolved "http://vtex.vtexassets.com/_v/public/typings/v1/vtex.rich-text@0.15.0/public/@types/vtex.rich-text#f23416cea64e72531069e58f1b137dfdb5b4b510"

"vtex.search-result@http://vtex.vtexassets.com/_v/public/typings/v1/vtex.search-result@3.110.0/public/@types/vtex.search-result":
  version "3.110.0"
  resolved "http://vtex.vtexassets.com/_v/public/typings/v1/vtex.search-result@3.110.0/public/@types/vtex.search-result#5caf7aa475e2f3982218122b5e93642b626c26b3"

"vtex.shelf@http://vtex.vtexassets.com/_v/public/typings/v1/vtex.shelf@1.47.1/public/@types/vtex.shelf":
  version "1.47.1"
  resolved "http://vtex.vtexassets.com/_v/public/typings/v1/vtex.shelf@1.47.1/public/@types/vtex.shelf#27e129f7f94992a27b37b3faf0c69efb4b41bed1"

"vtex.slider-layout@http://vtex.vtexassets.com/_v/public/typings/v1/vtex.slider-layout@0.22.0/public/@types/vtex.slider-layout":
  version "0.22.0"
  resolved "http://vtex.vtexassets.com/_v/public/typings/v1/vtex.slider-layout@0.22.0/public/@types/vtex.slider-layout#d0e9ce16b9f9ea2bcc50a3cc42c5466d565141c0"

"vtex.slider@http://vtex.vtexassets.com/_v/public/typings/v1/vtex.slider@0.8.3/public/@types/vtex.slider":
  version "0.8.3"
  resolved "http://vtex.vtexassets.com/_v/public/typings/v1/vtex.slider@0.8.3/public/@types/vtex.slider#9b7be08012a5d3ec41fdc651235a964cb5f7db85"

"vtex.stack-layout@http://vtex.vtexassets.com/_v/public/typings/v1/vtex.stack-layout@0.1.0/public/@types/vtex.stack-layout":
  version "0.1.0"
  resolved "http://vtex.vtexassets.com/_v/public/typings/v1/vtex.stack-layout@0.1.0/public/@types/vtex.stack-layout#79bcd9f70b4b6926b85686be14879a3b90d52c63"

"vtex.sticky-layout@http://vtex.vtexassets.com/_v/public/typings/v1/vtex.sticky-layout@0.3.4/public/@types/vtex.sticky-layout":
  version "0.3.4"
  resolved "http://vtex.vtexassets.com/_v/public/typings/v1/vtex.sticky-layout@0.3.4/public/@types/vtex.sticky-layout#5b786d6f9ab0a40e4997c955a75885eee32515ef"

"vtex.store-components@http://vtex.vtexassets.com/_v/public/typings/v1/vtex.store-components@3.155.3/public/@types/vtex.store-components":
  version "3.155.3"
  resolved "http://vtex.vtexassets.com/_v/public/typings/v1/vtex.store-components@3.155.3/public/@types/vtex.store-components#98170fc4dc4221aaf9f91e52135e4448e6de6f06"

"vtex.store-drawer@http://vtex.vtexassets.com/_v/public/typings/v1/vtex.store-drawer@0.16.0/public/@types/vtex.store-drawer":
  version "0.16.0"
  resolved "http://vtex.vtexassets.com/_v/public/typings/v1/vtex.store-drawer@0.16.0/public/@types/vtex.store-drawer#0b416e94714d34c195ccc08db048596d56898949"

"vtex.store-footer@http://vtex.vtexassets.com/_v/public/typings/v1/vtex.store-footer@2.24.0/public/@types/vtex.store-footer":
  version "2.24.0"
  resolved "http://vtex.vtexassets.com/_v/public/typings/v1/vtex.store-footer@2.24.0/public/@types/vtex.store-footer#e44b9bca9fee440376a0ff22c5caaaf90adaa1ae"

"vtex.store-form@http://vtex.vtexassets.com/_v/public/typings/v1/vtex.store-form@0.7.1/public/@types/vtex.store-form":
  version "0.7.1"
  resolved "http://vtex.vtexassets.com/_v/public/typings/v1/vtex.store-form@0.7.1/public/@types/vtex.store-form#901a21b19ae4c3260a5c582d22903d4ed2b0d28a"

"vtex.store-header@http://vtex.vtexassets.com/_v/public/typings/v1/vtex.store-header@2.27.0/public/@types/vtex.store-header":
  version "2.27.0"
  resolved "http://vtex.vtexassets.com/_v/public/typings/v1/vtex.store-header@2.27.0/public/@types/vtex.store-header#bc9e66815632f79eed6bf64257f03f3e64f2fecb"

"vtex.store-icons@http://vtex.vtexassets.com/_v/public/typings/v1/vtex.store-icons@0.18.0/public/@types/vtex.store-icons":
  version "0.18.0"
  resolved "http://vtex.vtexassets.com/_v/public/typings/v1/vtex.store-icons@0.18.0/public/@types/vtex.store-icons#0ee94d549aa283ce3a13ab987c13eac4fdfd1bba"

"vtex.store-image@http://vtex.vtexassets.com/_v/public/typings/v1/vtex.store-image@0.14.2/public/@types/vtex.store-image":
  version "0.14.2"
  resolved "http://vtex.vtexassets.com/_v/public/typings/v1/vtex.store-image@0.14.2/public/@types/vtex.store-image#8110d7fe7a27c8e08cab98f52426ca239be38694"

"vtex.store-link@http://vtex.vtexassets.com/_v/public/typings/v1/vtex.store-link@0.8.1/public/@types/vtex.store-link":
  version "0.8.1"
  resolved "http://vtex.vtexassets.com/_v/public/typings/v1/vtex.store-link@0.8.1/public/@types/vtex.store-link#a69c5217b1f121e286fdc6b2d4ee66d8198db0f0"

"vtex.store-video@http://vtex.vtexassets.com/_v/public/typings/v1/vtex.store-video@1.4.2/public/@types/vtex.store-video":
  version "1.4.2"
  resolved "http://vtex.vtexassets.com/_v/public/typings/v1/vtex.store-video@1.4.2/public/@types/vtex.store-video#cb7be60d948c3fc7cd9b349972fb4970c00a6b55"

"vtex.store@http://vtex.vtexassets.com/_v/public/typings/v1/vtex.store@2.120.1/public/@types/vtex.store":
  version "2.120.1"
  resolved "http://vtex.vtexassets.com/_v/public/typings/v1/vtex.store@2.120.1/public/@types/vtex.store#fda1d0c7a0226d7229a51a81ec3721bf23d5aa6e"

"vtex.styleguide@http://vtex.vtexassets.com/_v/public/typings/v1/vtex.styleguide@9.145.2/public/@types/vtex.styleguide":
  version "9.145.2"
  resolved "http://vtex.vtexassets.com/_v/public/typings/v1/vtex.styleguide@9.145.2/public/@types/vtex.styleguide#ca64bf8408ad3eb487b0822dd68f77565c986a56"

"vtex.tab-layout@http://vtex.vtexassets.com/_v/public/typings/v1/vtex.tab-layout@0.4.3/public/@types/vtex.tab-layout":
  version "0.4.3"
  resolved "http://vtex.vtexassets.com/_v/public/typings/v1/vtex.tab-layout@0.4.3/public/@types/vtex.tab-layout#579ee7ffabb55ce7ed271b0af1015f41c49b7f30"

"vtex.telemarketing@http://vtex.vtexassets.com/_v/public/typings/v1/vtex.telemarketing@2.10.2/public/@types/vtex.telemarketing":
  version "2.10.2"
  resolved "http://vtex.vtexassets.com/_v/public/typings/v1/vtex.telemarketing@2.10.2/public/@types/vtex.telemarketing#618f97a1cc0af09b5809cf2f4561cc19b9189cef"
